
Microsoft Visual Studio Solution File, Format Version 12.00
# Visual Studio Version 16
VisualStudioVersion = 16.0.31727.386
MinimumVisualStudioVersion = 10.0.40219.1
Project("{FAE04EC0-301F-11D3-BF4B-00C04F79EFBC}") = "NikeShop", "NikeShop\NikeShop.csproj", "{7DF66AC4-D425-4DB1-9C39-CECF46B5771A}"
EndProject
Global
	GlobalSection(SolutionConfigurationPlatforms) = preSolution
		Debug|Any CPU = Debug|Any CPU
		Release|Any CPU = Release|Any CPU
	EndGlobalSection
	GlobalSection(ProjectConfigurationPlatforms) = postSolution
		{7DF66AC4-D425-4DB1-9C39-CECF46B5771A}.Release|Any CPU.ActiveCfg = Release|Any CPU
		{7DF66AC4-D425-4DB1-9C39-CECF46B5771A}.Release|Any CPU.Build.0 = Release|Any CPU
		{7DF66AC4-D425-4DB1-9C39-CECF46B5771A}.Debug|Any CPU.ActiveCfg = Release|Any CPU
		{7DF66AC4-D425-4DB1-9C39-CECF46B5771A}.Debug|Any CPU.Build.0 = Release|Any CPU
	EndGlobalSection
	GlobalSection(SolutionProperties) = preSolution
		HideSolutionNode = FALSE
	EndGlobalSection
	GlobalSection(ExtensibilityGlobals) = postSolution
		SolutionGuid = {5C2ECF76-2B45-4990-92A1-0DB15408A240}
	EndGlobalSection
EndGlobal
